
Microsoft Visual Studio Solution File, Format Version 12.00
# Visual Studio Version 17
VisualStudioVersion = 17.5.33502.453
MinimumVisualStudioVersion = 10.0.40219.1
Project("{FAE04EC0-301F-11D3-BF4B-00C04F79EFBC}") = "WorkingWithCollections", "WorkingWithCollections\WorkingWithCollections.csproj", "{F8E35684-CF48-44CE-83F9-7EB32F3AD141}"
EndProject
Global
	GlobalSection(SolutionConfigurationPlatforms) = preSolution
		Debug|Any CPU = Debug|Any CPU
		Release|Any CPU = Release|Any CPU
	EndGlobalSection
	GlobalSection(ProjectConfigurationPlatforms) = postSolution
		{F8E35684-CF48-44CE-83F9-7EB32F3AD141}.Debug|Any CPU.ActiveCfg = Debug|Any CPU
		{F8E35684-CF48-44CE-83F9-7EB32F3AD141}.Debug|Any CPU.Build.0 = Debug|Any CPU
		{F8E35684-CF48-44CE-83F9-7EB32F3AD141}.Release|Any CPU.ActiveCfg = Release|Any CPU
		{F8E35684-CF48-44CE-83F9-7EB32F3AD141}.Release|Any CPU.Build.0 = Release|Any CPU
	EndGlobalSection
	GlobalSection(SolutionProperties) = preSolution
		HideSolutionNode = FALSE
	EndGlobalSection
	GlobalSection(ExtensibilityGlobals) = postSolution
		SolutionGuid = {B8348EED-A006-42B0-BAC0-14B5655858E2}
	EndGlobalSection
EndGlobal
