
Microsoft Visual Studio Solution File, Format Version 12.00
# Visual Studio Version 17
VisualStudioVersion = 17.5.33424.131
MinimumVisualStudioVersion = 10.0.40219.1
Project("{FAE04EC0-301F-11D3-BF4B-00C04F79EFBC}") = "Helloworld", "Helloworld\Helloworld.csproj", "{DF4F873C-6964-4C89-A3DE-8641B214E8CA}"
EndProject
Global
	GlobalSection(SolutionConfigurationPlatforms) = preSolution
		Debug|Any CPU = Debug|Any CPU
		Release|Any CPU = Release|Any CPU
	EndGlobalSection
	GlobalSection(ProjectConfigurationPlatforms) = postSolution
		{DF4F873C-6964-4C89-A3DE-8641B214E8CA}.Debug|Any CPU.ActiveCfg = Debug|Any CPU
		{DF4F873C-6964-4C89-A3DE-8641B214E8CA}.Debug|Any CPU.Build.0 = Debug|Any CPU
		{DF4F873C-6964-4C89-A3DE-8641B214E8CA}.Release|Any CPU.ActiveCfg = Release|Any CPU
		{DF4F873C-6964-4C89-A3DE-8641B214E8CA}.Release|Any CPU.Build.0 = Release|Any CPU
	EndGlobalSection
	GlobalSection(SolutionProperties) = preSolution
		HideSolutionNode = FALSE
	EndGlobalSection
	GlobalSection(ExtensibilityGlobals) = postSolution
		SolutionGuid = {B22AC22C-6924-481F-8BAC-BE4ED7C3935B}
	EndGlobalSection
EndGlobal
