
Microsoft Visual Studio Solution File, Format Version 12.00
# Visual Studio Version 17
VisualStudioVersion = 17.5.33424.131
MinimumVisualStudioVersion = 10.0.40219.1
Project("{FAE04EC0-301F-11D3-BF4B-00C04F79EFBC}") = "ScrapeLibrary", "ScrapeLibrary\ScrapeLibrary.csproj", "{FCCD4806-9DF4-4EFC-92B8-46E1E7AF7770}"
EndProject
Project("{FAE04EC0-301F-11D3-BF4B-00C04F79EFBC}") = "ScrapeClient", "ScrapeClient\ScrapeClient.csproj", "{DB2D8A54-2D33-4F23-A866-5898A83EAF8C}"
EndProject
Global
	GlobalSection(SolutionConfigurationPlatforms) = preSolution
		Debug|Any CPU = Debug|Any CPU
		Release|Any CPU = Release|Any CPU
	EndGlobalSection
	GlobalSection(ProjectConfigurationPlatforms) = postSolution
		{FCCD4806-9DF4-4EFC-92B8-46E1E7AF7770}.Debug|Any CPU.ActiveCfg = Debug|Any CPU
		{FCCD4806-9DF4-4EFC-92B8-46E1E7AF7770}.Debug|Any CPU.Build.0 = Debug|Any CPU
		{FCCD4806-9DF4-4EFC-92B8-46E1E7AF7770}.Release|Any CPU.ActiveCfg = Release|Any CPU
		{FCCD4806-9DF4-4EFC-92B8-46E1E7AF7770}.Release|Any CPU.Build.0 = Release|Any CPU
		{DB2D8A54-2D33-4F23-A866-5898A83EAF8C}.Debug|Any CPU.ActiveCfg = Debug|Any CPU
		{DB2D8A54-2D33-4F23-A866-5898A83EAF8C}.Debug|Any CPU.Build.0 = Debug|Any CPU
		{DB2D8A54-2D33-4F23-A866-5898A83EAF8C}.Release|Any CPU.ActiveCfg = Release|Any CPU
		{DB2D8A54-2D33-4F23-A866-5898A83EAF8C}.Release|Any CPU.Build.0 = Release|Any CPU
	EndGlobalSection
	GlobalSection(SolutionProperties) = preSolution
		HideSolutionNode = FALSE
	EndGlobalSection
	GlobalSection(ExtensibilityGlobals) = postSolution
		SolutionGuid = {DFDE6273-F941-4091-815E-73369C4CE5F6}
	EndGlobalSection
EndGlobal
